
Microsoft Visual Studio Solution File, Format Version 12.00
# Visual Studio 2013
VisualStudioVersion = 12.0.21005.1
MinimumVisualStudioVersion = 10.0.40219.1
Project("{FAE04EC0-301F-11D3-BF4B-00C04F79EFBC}") = "Cap10Slog", "Cap10Slog\Cap10Slog.csproj", "{51C1E35B-1E22-459F-960E-D1CE1E996122}"
EndProject
Global
	GlobalSection(SolutionConfigurationPlatforms) = preSolution
		Debug|Any CPU = Debug|Any CPU
		Release|Any CPU = Release|Any CPU
	EndGlobalSection
	GlobalSection(ProjectConfigurationPlatforms) = postSolution
		{51C1E35B-1E22-459F-960E-D1CE1E996122}.Debug|Any CPU.ActiveCfg = Debug|Any CPU
		{51C1E35B-1E22-459F-960E-D1CE1E996122}.Debug|Any CPU.Build.0 = Debug|Any CPU
		{51C1E35B-1E22-459F-960E-D1CE1E996122}.Release|Any CPU.ActiveCfg = Release|Any CPU
		{51C1E35B-1E22-459F-960E-D1CE1E996122}.Release|Any CPU.Build.0 = Release|Any CPU
	EndGlobalSection
	GlobalSection(SolutionProperties) = preSolution
		HideSolutionNode = FALSE
	EndGlobalSection
EndGlobal
